// !$*UTF8*$!
{
	archiveVersion = 1;
	classes = {
	};
	objectVersion = 46;
	objects = {

/* Begin PBXBuildFile section */
		923CA15018B62F0A00307BE1 /* Foundation.framework in Frameworks */ = {isa = PBXBuildFile; fileRef = 923CA14F18B62F0A00307BE1 /* Foundation.framework */; };
		923CA15218B62F0A00307BE1 /* CoreGraphics.framework in Frameworks */ = {isa = PBXBuildFile; fileRef = 923CA15118B62F0A00307BE1 /* CoreGraphics.framework */; };
		923CA15418B62F0A00307BE1 /* UIKit.framework in Frameworks */ = {isa = PBXBuildFile; fileRef = 923CA15318B62F0A00307BE1 /* UIKit.framework */; };
		923CA15A18B62F0A00307BE1 /* InfoPlist.strings in Resources */ = {isa = PBXBuildFile; fileRef = 923CA15818B62F0A00307BE1 /* InfoPlist.strings */; };
		923CA15C18B62F0A00307BE1 /* main.m in Sources */ = {isa = PBXBuildFile; fileRef = 923CA15B18B62F0A00307BE1 /* main.m */; };
		923CA16018B62F0A00307BE1 /* AppDelegate.m in Sources */ = {isa = PBXBuildFile; fileRef = 923CA15F18B62F0A00307BE1 /* AppDelegate.m */; };
		923CA16318B62F0A00307BE1 /* Main.storyboard in Resources */ = {isa = PBXBuildFile; fileRef = 923CA16118B62F0A00307BE1 /* Main.storyboard */; };
		923CA16618B62F0A00307BE1 /* ViewController.m in Sources */ = {isa = PBXBuildFile; fileRef = 923CA16518B62F0A00307BE1 /* ViewController.m */; };
		923CA16818B62F0A00307BE1 /* Images.xcassets in Resources */ = {isa = PBXBuildFile; fileRef = 923CA16718B62F0A00307BE1 /* Images.xcassets */; };
		923CA16F18B62F0A00307BE1 /* XCTest.framework in Frameworks */ = {isa = PBXBuildFile; fileRef = 923CA16E18B62F0A00307BE1 /* XCTest.framework */; };
		923CA17018B62F0A00307BE1 /* Foundation.framework in Frameworks */ = {isa = PBXBuildFile; fileRef = 923CA14F18B62F0A00307BE1 /* Foundation.framework */; };
		923CA17118B62F0A00307BE1 /* UIKit.framework in Frameworks */ = {isa = PBXBuildFile; fileRef = 923CA15318B62F0A00307BE1 /* UIKit.framework */; };
		923CA17918B62F0A00307BE1 /* InfoPlist.strings in Resources */ = {isa = PBXBuildFile; fileRef = 923CA17718B62F0A00307BE1 /* InfoPlist.strings */; };
		923CA17B18B62F0A00307BE1 /* Kevin_s_AppTests.m in Sources */ = {isa = PBXBuildFile; fileRef = 923CA17A18B62F0A00307BE1 /* Kevin_s_AppTests.m */; };
		923CA18718B63B4800307BE1 /* easter-egg.jpg in Resources */ = {isa = PBXBuildFile; fileRef = 923CA18618B63B4800307BE1 /* easter-egg.jpg */; };
		923CA18B18B63B7000307BE1 /* apple-logo.gif in Resources */ = {isa = PBXBuildFile; fileRef = 923CA18A18B63B7000307BE1 /* apple-logo.gif */; };
		923CA18E18B63F4600307BE1 /* GeneralViewController.m in Sources */ = {isa = PBXBuildFile; fileRef = 923CA18D18B63F4600307BE1 /* GeneralViewController.m */; };
		923CA19118B63F5A00307BE1 /* AboutViewController.m in Sources */ = {isa = PBXBuildFile; fileRef = 923CA19018B63F5A00307BE1 /* AboutViewController.m */; };
		923CA19418B63F6B00307BE1 /* EasterEggViewController.m in Sources */ = {isa = PBXBuildFile; fileRef = 923CA19318B63F6B00307BE1 /* EasterEggViewController.m */; };
		923CA19718B63F7F00307BE1 /* DetailsViewController.m in Sources */ = {isa = PBXBuildFile; fileRef = 923CA19618B63F7F00307BE1 /* DetailsViewController.m */; };
		923CA19A18B63F8E00307BE1 /* MoreDetailsViewController.m in Sources */ = {isa = PBXBuildFile; fileRef = 923CA19918B63F8E00307BE1 /* MoreDetailsViewController.m */; };
		923CA19C18B657C100307BE1 /* profielfoto.png in Resources */ = {isa = PBXBuildFile; fileRef = 923CA19B18B657C100307BE1 /* profielfoto.png */; };
/* End PBXBuildFile section */

/* Begin PBXContainerItemProxy section */
		923CA17218B62F0A00307BE1 /* PBXContainerItemProxy */ = {
			isa = PBXContainerItemProxy;
			containerPortal = 923CA14418B62F0A00307BE1 /* Project object */;
			proxyType = 1;
			remoteGlobalIDString = 923CA14B18B62F0A00307BE1;
			remoteInfo = "Kevin's App";
		};
/* End PBXContainerItemProxy section */

/* Begin PBXFileReference section */
		923CA14C18B62F0A00307BE1 /* Kevin's App.app */ = {isa = PBXFileReference; explicitFileType = wrapper.application; includeInIndex = 0; path = "Kevin's App.app"; sourceTree = BUILT_PRODUCTS_DIR; };
		923CA14F18B62F0A00307BE1 /* Foundation.framework */ = {isa = PBXFileReference; lastKnownFileType = wrapper.framework; name = Foundation.framework; path = System/Library/Frameworks/Foundation.framework; sourceTree = SDKROOT; };
		923CA15118B62F0A00307BE1 /* CoreGraphics.framework */ = {isa = PBXFileReference; lastKnownFileType = wrapper.framework; name = CoreGraphics.framework; path = System/Library/Frameworks/CoreGraphics.framework; sourceTree = SDKROOT; };
		923CA15318B62F0A00307BE1 /* UIKit.framework */ = {isa = PBXFileReference; lastKnownFileType = wrapper.framework; name = UIKit.framework; path = System/Library/Frameworks/UIKit.framework; sourceTree = SDKROOT; };
		923CA15718B62F0A00307BE1 /* Kevin's App-Info.plist */ = {isa = PBXFileReference; lastKnownFileType = text.plist.xml; path = "Kevin's App-Info.plist"; sourceTree = "<group>"; };
		923CA15918B62F0A00307BE1 /* en */ = {isa = PBXFileReference; lastKnownFileType = text.plist.strings; name = en; path = en.lproj/InfoPlist.strings; sourceTree = "<group>"; };
		923CA15B18B62F0A00307BE1 /* main.m */ = {isa = PBXFileReference; lastKnownFileType = sourcecode.c.objc; path = main.m; sourceTree = "<group>"; };
		923CA15D18B62F0A00307BE1 /* Kevin's App-Prefix.pch */ = {isa = PBXFileReference; lastKnownFileType = sourcecode.c.h; path = "Kevin's App-Prefix.pch"; sourceTree = "<group>"; };
		923CA15E18B62F0A00307BE1 /* AppDelegate.h */ = {isa = PBXFileReference; lastKnownFileType = sourcecode.c.h; path = AppDelegate.h; sourceTree = "<group>"; };
		923CA15F18B62F0A00307BE1 /* AppDelegate.m */ = {isa = PBXFileReference; lastKnownFileType = sourcecode.c.objc; path = AppDelegate.m; sourceTree = "<group>"; };
		923CA16218B62F0A00307BE1 /* Base */ = {isa = PBXFileReference; lastKnownFileType = file.storyboard; name = Base; path = Base.lproj/Main.storyboard; sourceTree = "<group>"; };
		923CA16418B62F0A00307BE1 /* ViewController.h */ = {isa = PBXFileReference; lastKnownFileType = sourcecode.c.h; path = ViewController.h; sourceTree = "<group>"; };
		923CA16518B62F0A00307BE1 /* ViewController.m */ = {isa = PBXFileReference; lastKnownFileType = sourcecode.c.objc; path = ViewController.m; sourceTree = "<group>"; };
		923CA16718B62F0A00307BE1 /* Images.xcassets */ = {isa = PBXFileReference; lastKnownFileType = folder.assetcatalog; path = Images.xcassets; sourceTree = "<group>"; };
		923CA16D18B62F0A00307BE1 /* Kevin's AppTests.xctest */ = {isa = PBXFileReference; explicitFileType = wrapper.cfbundle; includeInIndex = 0; path = "Kevin's AppTests.xctest"; sourceTree = BUILT_PRODUCTS_DIR; };
		923CA16E18B62F0A00307BE1 /* XCTest.framework */ = {isa = PBXFileReference; lastKnownFileType = wrapper.framework; name = XCTest.framework; path = Library/Frameworks/XCTest.framework; sourceTree = DEVELOPER_DIR; };
		923CA17618B62F0A00307BE1 /* Kevin's AppTests-Info.plist */ = {isa = PBXFileReference; lastKnownFileType = text.plist.xml; path = "Kevin's AppTests-Info.plist"; sourceTree = "<group>"; };
		923CA17818B62F0A00307BE1 /* en */ = {isa = PBXFileReference; lastKnownFileType = text.plist.strings; name = en; path = en.lproj/InfoPlist.strings; sourceTree = "<group>"; };
		923CA17A18B62F0A00307BE1 /* Kevin_s_AppTests.m */ = {isa = PBXFileReference; lastKnownFileType = sourcecode.c.objc; path = Kevin_s_AppTests.m; sourceTree = "<group>"; };
		923CA18618B63B4800307BE1 /* easter-egg.jpg */ = {isa = PBXFileReference; lastKnownFileType = image.jpeg; path = "easter-egg.jpg"; sourceTree = "<group>"; };
		923CA18A18B63B7000307BE1 /* apple-logo.gif */ = {isa = PBXFileReference; lastKnownFileType = image.gif; path = "apple-logo.gif"; sourceTree = "<group>"; };
		923CA18C18B63F4600307BE1 /* GeneralViewController.h */ = {isa = PBXFileReference; fileEncoding = 4; lastKnownFileType = sourcecode.c.h; path = GeneralViewController.h; sourceTree = "<group>"; };
		923CA18D18B63F4600307BE1 /* GeneralViewController.m */ = {isa = PBXFileReference; fileEncoding = 4; lastKnownFileType = sourcecode.c.objc; path = GeneralViewController.m; sourceTree = "<group>"; };
		923CA18F18B63F5A00307BE1 /* AboutViewController.h */ = {isa = PBXFileReference; fileEncoding = 4; lastKnownFileType = sourcecode.c.h; path = AboutViewController.h; sourceTree = "<group>"; };
		923CA19018B63F5A00307BE1 /* AboutViewController.m */ = {isa = PBXFileReference; fileEncoding = 4; lastKnownFileType = sourcecode.c.objc; path = AboutViewController.m; sourceTree = "<group>"; };
		923CA19218B63F6B00307BE1 /* EasterEggViewController.h */ = {isa = PBXFileReference; fileEncoding = 4; lastKnownFileType = sourcecode.c.h; path = EasterEggViewController.h; sourceTree = "<group>"; };
		923CA19318B63F6B00307BE1 /* EasterEggViewController.m */ = {isa = PBXFileReference; fileEncoding = 4; lastKnownFileType = sourcecode.c.objc; path = EasterEggViewController.m; sourceTree = "<group>"; };
		923CA19518B63F7F00307BE1 /* DetailsViewController.h */ = {isa = PBXFileReference; fileEncoding = 4; lastKnownFileType = sourcecode.c.h; path = DetailsViewController.h; sourceTree = "<group>"; };
		923CA19618B63F7F00307BE1 /* DetailsViewController.m */ = {isa = PBXFileReference; fileEncoding = 4; lastKnownFileType = sourcecode.c.objc; path = DetailsViewController.m; sourceTree = "<group>"; };
		923CA19818B63F8E00307BE1 /* MoreDetailsViewController.h */ = {isa = PBXFileReference; fileEncoding = 4; lastKnownFileType = sourcecode.c.h; path = MoreDetailsViewController.h; sourceTree = "<group>"; };
		923CA19918B63F8E00307BE1 /* MoreDetailsViewController.m */ = {isa = PBXFileReference; fileEncoding = 4; lastKnownFileType = sourcecode.c.objc; path = MoreDetailsViewController.m; sourceTree = "<group>"; };
		923CA19B18B657C100307BE1 /* profielfoto.png */ = {isa = PBXFileReference; lastKnownFileType = image.png; path = profielfoto.png; sourceTree = "<group>"; };
/* End PBXFileReference section */

/* Begin PBXFrameworksBuildPhase section */
		923CA14918B62F0A00307BE1 /* Frameworks */ = {
			isa = PBXFrameworksBuildPhase;
			buildActionMask = 2147483647;
			files = (
				923CA15218B62F0A00307BE1 /* CoreGraphics.framework in Frameworks */,
				923CA15418B62F0A00307BE1 /* UIKit.framework in Frameworks */,
				923CA15018B62F0A00307BE1 /* Foundation.framework in Frameworks */,
			);
			runOnlyForDeploymentPostprocessing = 0;
		};
		923CA16A18B62F0A00307BE1 /* Frameworks */ = {
			isa = PBXFrameworksBuildPhase;
			buildActionMask = 2147483647;
			files = (
				923CA16F18B62F0A00307BE1 /* XCTest.framework in Frameworks */,
				923CA17118B62F0A00307BE1 /* UIKit.framework in Frameworks */,
				923CA17018B62F0A00307BE1 /* Foundation.framework in Frameworks */,
			);
			runOnlyForDeploymentPostprocessing = 0;
		};
/* End PBXFrameworksBuildPhase section */

/* Begin PBXGroup section */
		923CA14318B62F0A00307BE1 = {
			isa = PBXGroup;
			children = (
				923CA15518B62F0A00307BE1 /* Kevin's App */,
				923CA17418B62F0A00307BE1 /* Kevin's AppTests */,
				923CA14E18B62F0A00307BE1 /* Frameworks */,
				923CA14D18B62F0A00307BE1 /* Products */,
			);
			sourceTree = "<group>";
		};
		923CA14D18B62F0A00307BE1 /* Products */ = {
			isa = PBXGroup;
			children = (
				923CA14C18B62F0A00307BE1 /* Kevin's App.app */,
				923CA16D18B62F0A00307BE1 /* Kevin's AppTests.xctest */,
			);
			name = Products;
			sourceTree = "<group>";
		};
		923CA14E18B62F0A00307BE1 /* Frameworks */ = {
			isa = PBXGroup;
			children = (
				923CA14F18B62F0A00307BE1 /* Foundation.framework */,
				923CA15118B62F0A00307BE1 /* CoreGraphics.framework */,
				923CA15318B62F0A00307BE1 /* UIKit.framework */,
				923CA16E18B62F0A00307BE1 /* XCTest.framework */,
			);
			name = Frameworks;
			sourceTree = "<group>";
		};
		923CA15518B62F0A00307BE1 /* Kevin's App */ = {
			isa = PBXGroup;
			children = (
				923CA18A18B63B7000307BE1 /* apple-logo.gif */,
				923CA15E18B62F0A00307BE1 /* AppDelegate.h */,
				923CA15F18B62F0A00307BE1 /* AppDelegate.m */,
				923CA16118B62F0A00307BE1 /* Main.storyboard */,
				923CA19B18B657C100307BE1 /* profielfoto.png */,
				923CA18C18B63F4600307BE1 /* GeneralViewController.h */,
				923CA18D18B63F4600307BE1 /* GeneralViewController.m */,
				923CA18F18B63F5A00307BE1 /* AboutViewController.h */,
				923CA19018B63F5A00307BE1 /* AboutViewController.m */,
				923CA19218B63F6B00307BE1 /* EasterEggViewController.h */,
				923CA19318B63F6B00307BE1 /* EasterEggViewController.m */,
				923CA19518B63F7F00307BE1 /* DetailsViewController.h */,
				923CA19618B63F7F00307BE1 /* DetailsViewController.m */,
				923CA19818B63F8E00307BE1 /* MoreDetailsViewController.h */,
				923CA19918B63F8E00307BE1 /* MoreDetailsViewController.m */,
				923CA18618B63B4800307BE1 /* easter-egg.jpg */,
				923CA16418B62F0A00307BE1 /* ViewController.h */,
				923CA16518B62F0A00307BE1 /* ViewController.m */,
				923CA16718B62F0A00307BE1 /* Images.xcassets */,
				923CA15618B62F0A00307BE1 /* Supporting Files */,
			);
			path = "Kevin's App";
			sourceTree = "<group>";
		};
		923CA15618B62F0A00307BE1 /* Supporting Files */ = {
			isa = PBXGroup;
			children = (
				923CA15718B62F0A00307BE1 /* Kevin's App-Info.plist */,
				923CA15818B62F0A00307BE1 /* InfoPlist.strings */,
				923CA15B18B62F0A00307BE1 /* main.m */,
				923CA15D18B62F0A00307BE1 /* Kevin's App-Prefix.pch */,
			);
			name = "Supporting Files";
			sourceTree = "<group>";
		};
		923CA17418B62F0A00307BE1 /* Kevin's AppTests */ = {
			isa = PBXGroup;
			children = (
				923CA17A18B62F0A00307BE1 /* Kevin_s_AppTests.m */,
				923CA17518B62F0A00307BE1 /* Supporting Files */,
			);
			path = "Kevin's AppTests";
			sourceTree = "<group>";
		};
		923CA17518B62F0A00307BE1 /* Supporting Files */ = {
			isa = PBXGroup;
			children = (
				923CA17618B62F0A00307BE1 /* Kevin's AppTests-Info.plist */,
				923CA17718B62F0A00307BE1 /* InfoPlist.strings */,
			);
			name = "Supporting Files";
			sourceTree = "<group>";
		};
/* End PBXGroup section */

/* Begin PBXNativeTarget section */
		923CA14B18B62F0A00307BE1 /* Kevin's App */ = {
			isa = PBXNativeTarget;
			buildConfigurationList = 923CA17E18B62F0A00307BE1 /* Build configuration list for PBXNativeTarget "Kevin's App" */;
			buildPhases = (
				923CA14818B62F0A00307BE1 /* Sources */,
				923CA14918B62F0A00307BE1 /* Frameworks */,
				923CA14A18B62F0A00307BE1 /* Resources */,
			);
			buildRules = (
			);
			dependencies = (
			);
			name = "Kevin's App";
			productName = "Kevin's App";
			productReference = 923CA14C18B62F0A00307BE1 /* Kevin's App.app */;
			productType = "com.apple.product-type.application";
		};
		923CA16C18B62F0A00307BE1 /* Kevin's AppTests */ = {
			isa = PBXNativeTarget;
			buildConfigurationList = 923CA18118B62F0A00307BE1 /* Build configuration list for PBXNativeTarget "Kevin's AppTests" */;
			buildPhases = (
				923CA16918B62F0A00307BE1 /* Sources */,
				923CA16A18B62F0A00307BE1 /* Frameworks */,
				923CA16B18B62F0A00307BE1 /* Resources */,
			);
			buildRules = (
			);
			dependencies = (
				923CA17318B62F0A00307BE1 /* PBXTargetDependency */,
			);
			name = "Kevin's AppTests";
			productName = "Kevin's AppTests";
			productReference = 923CA16D18B62F0A00307BE1 /* Kevin's AppTests.xctest */;
			productType = "com.apple.product-type.bundle.unit-test";
		};
/* End PBXNativeTarget section */

/* Begin PBXProject section */
		923CA14418B62F0A00307BE1 /* Project object */ = {
			isa = PBXProject;
			attributes = {
				LastUpgradeCheck = 0500;
				ORGANIZATIONNAME = "Kevin Olsthoorn";
				TargetAttributes = {
					923CA16C18B62F0A00307BE1 = {
						TestTargetID = 923CA14B18B62F0A00307BE1;
					};
				};
			};
			buildConfigurationList = 923CA14718B62F0A00307BE1 /* Build configuration list for PBXProject "Kevin's App" */;
			compatibilityVersion = "Xcode 3.2";
			developmentRegion = English;
			hasScannedForEncodings = 0;
			knownRegions = (
				en,
				Base,
			);
			mainGroup = 923CA14318B62F0A00307BE1;
			productRefGroup = 923CA14D18B62F0A00307BE1 /* Products */;
			projectDirPath = "";
			projectRoot = "";
			targets = (
				923CA14B18B62F0A00307BE1 /* Kevin's App */,
				923CA16C18B62F0A00307BE1 /* Kevin's AppTests */,
			);
		};
/* End PBXProject section */

/* Begin PBXResourcesBuildPhase section */
		923CA14A18B62F0A00307BE1 /* Resources */ = {
			isa = PBXResourcesBuildPhase;
			buildActionMask = 2147483647;
			files = (
				923CA19C18B657C100307BE1 /* profielfoto.png in Resources */,
				923CA18B18B63B7000307BE1 /* apple-logo.gif in Resources */,
				923CA18718B63B4800307BE1 /* easter-egg.jpg in Resources */,
				923CA16818B62F0A00307BE1 /* Images.xcassets in Resources */,
				923CA15A18B62F0A00307BE1 /* InfoPlist.strings in Resources */,
				923CA16318B62F0A00307BE1 /* Main.storyboard in Resources */,
			);
			runOnlyForDeploymentPostprocessing = 0;
		};
		923CA16B18B62F0A00307BE1 /* Resources */ = {
			isa = PBXResourcesBuildPhase;
			buildActionMask = 2147483647;
			files = (
				923CA17918B62F0A00307BE1 /* InfoPlist.strings in Resources */,
			);
			runOnlyForDeploymentPostprocessing = 0;
		};
/* End PBXResourcesBuildPhase section */

/* Begin PBXSourcesBuildPhase section */
		923CA14818B62F0A00307BE1 /* Sources */ = {
			isa = PBXSourcesBuildPhase;
			buildActionMask = 2147483647;
			files = (
				923CA16618B62F0A00307BE1 /* ViewController.m in Sources */,
				923CA19118B63F5A00307BE1 /* AboutViewController.m in Sources */,
				923CA19418B63F6B00307BE1 /* EasterEggViewController.m in Sources */,
				923CA16018B62F0A00307BE1 /* AppDelegate.m in Sources */,
				923CA19718B63F7F00307BE1 /* DetailsViewController.m in Sources */,
				923CA15C18B62F0A00307BE1 /* main.m in Sources */,
				923CA19A18B63F8E00307BE1 /* MoreDetailsViewController.m in Sources */,
				923CA18E18B63F4600307BE1 /* GeneralViewController.m in Sources */,
			);
			runOnlyForDeploymentPostprocessing = 0;
		};
		923CA16918B62F0A00307BE1 /* Sources */ = {
			isa = PBXSourcesBuildPhase;
			buildActionMask = 2147483647;
			files = (
				923CA17B18B62F0A00307BE1 /* Kevin_s_AppTests.m in Sources */,
			);
			runOnlyForDeploymentPostprocessing = 0;
		};
/* End PBXSourcesBuildPhase section */

/* Begin PBXTargetDependency section */
		923CA17318B62F0A00307BE1 /* PBXTargetDependency */ = {
			isa = PBXTargetDependency;
			target = 923CA14B18B62F0A00307BE1 /* Kevin's App */;
			targetProxy = 923CA17218B62F0A00307BE1 /* PBXContainerItemProxy */;
		};
/* End PBXTargetDependency section */

/* Begin PBXVariantGroup section */
		923CA15818B62F0A00307BE1 /* InfoPlist.strings */ = {
			isa = PBXVariantGroup;
			children = (
				923CA15918B62F0A00307BE1 /* en */,
			);
			name = InfoPlist.strings;
			sourceTree = "<group>";
		};
		923CA16118B62F0A00307BE1 /* Main.storyboard */ = {
			isa = PBXVariantGroup;
			children = (
				923CA16218B62F0A00307BE1 /* Base */,
			);
			name = Main.storyboard;
			sourceTree = "<group>";
		};
		923CA17718B62F0A00307BE1 /* InfoPlist.strings */ = {
			isa = PBXVariantGroup;
			children = (
				923CA17818B62F0A00307BE1 /* en */,
			);
			name = InfoPlist.strings;
			sourceTree = "<group>";
		};
/* End PBXVariantGroup section */

/* Begin XCBuildConfiguration section */
		923CA17C18B62F0A00307BE1 /* Debug */ = {
			isa = XCBuildConfiguration;
			buildSettings = {
				ALWAYS_SEARCH_USER_PATHS = NO;
				ARCHS = "$(ARCHS_STANDARD_INCLUDING_64_BIT)";
				CLANG_CXX_LANGUAGE_STANDARD = "gnu++0x";
				CLANG_CXX_LIBRARY = "libc++";
				CLANG_ENABLE_MODULES = YES;
				CLANG_ENABLE_OBJC_ARC = YES;
				CLANG_WARN_BOOL_CONVERSION = YES;
				CLANG_WARN_CONSTANT_CONVERSION = YES;
				CLANG_WARN_DIRECT_OBJC_ISA_USAGE = YES_ERROR;
				CLANG_WARN_EMPTY_BODY = YES;
				CLANG_WARN_ENUM_CONVERSION = YES;
				CLANG_WARN_INT_CONVERSION = YES;
				CLANG_WARN_OBJC_ROOT_CLASS = YES_ERROR;
				CLANG_WARN__DUPLICATE_METHOD_MATCH = YES;
				"CODE_SIGN_IDENTITY[sdk=iphoneos*]" = "iPhone Developer";
				COPY_PHASE_STRIP = NO;
				GCC_C_LANGUAGE_STANDARD = gnu99;
				GCC_DYNAMIC_NO_PIC = NO;
				GCC_OPTIMIZATION_LEVEL = 0;
				GCC_PREPROCESSOR_DEFINITIONS = (
					"DEBUG=1",
					"$(inherited)",
				);
				GCC_SYMBOLS_PRIVATE_EXTERN = NO;
				GCC_WARN_64_TO_32_BIT_CONVERSION = YES;
				GCC_WARN_ABOUT_RETURN_TYPE = YES_ERROR;
				GCC_WARN_UNDECLARED_SELECTOR = YES;
				GCC_WARN_UNINITIALIZED_AUTOS = YES;
				GCC_WARN_UNUSED_FUNCTION = YES;
				GCC_WARN_UNUSED_VARIABLE = YES;
				IPHONEOS_DEPLOYMENT_TARGET = 7.0;
				ONLY_ACTIVE_ARCH = YES;
				SDKROOT = iphoneos;
			};
			name = Debug;
		};
		923CA17D18B62F0A00307BE1 /* Release */ = {
			isa = XCBuildConfiguration;
			buildSettings = {
				ALWAYS_SEARCH_USER_PATHS = NO;
				ARCHS = "$(ARCHS_STANDARD_INCLUDING_64_BIT)";
				CLANG_CXX_LANGUAGE_STANDARD = "gnu++0x";
				CLANG_CXX_LIBRARY = "libc++";
				CLANG_ENABLE_MODULES = YES;
				CLANG_ENABLE_OBJC_ARC = YES;
				CLANG_WARN_BOOL_CONVERSION = YES;
				CLANG_WARN_CONSTANT_CONVERSION = YES;
				CLANG_WARN_DIRECT_OBJC_ISA_USAGE = YES_ERROR;
				CLANG_WARN_EMPTY_BODY = YES;
				CLANG_WARN_ENUM_CONVERSION = YES;
				CLANG_WARN_INT_CONVERSION = YES;
				CLANG_WARN_OBJC_ROOT_CLASS = YES_ERROR;
				CLANG_WARN__DUPLICATE_METHOD_MATCH = YES;
				"CODE_SIGN_IDENTITY[sdk=iphoneos*]" = "iPhone Developer";
				COPY_PHASE_STRIP = YES;
				ENABLE_NS_ASSERTIONS = NO;
				GCC_C_LANGUAGE_STANDARD = gnu99;
				GCC_WARN_64_TO_32_BIT_CONVERSION = YES;
				GCC_WARN_ABOUT_RETURN_TYPE = YES_ERROR;
				GCC_WARN_UNDECLARED_SELECTOR = YES;
				GCC_WARN_UNINITIALIZED_AUTOS = YES;
				GCC_WARN_UNUSED_FUNCTION = YES;
				GCC_WARN_UNUSED_VARIABLE = YES;
				IPHONEOS_DEPLOYMENT_TARGET = 7.0;
				SDKROOT = iphoneos;
				VALIDATE_PRODUCT = YES;
			};
			name = Release;
		};
		923CA17F18B62F0A00307BE1 /* Debug */ = {
			isa = XCBuildConfiguration;
			buildSettings = {
				ASSETCATALOG_COMPILER_APPICON_NAME = AppIcon;
				ASSETCATALOG_COMPILER_LAUNCHIMAGE_NAME = LaunchImage;
				GCC_PRECOMPILE_PREFIX_HEADER = YES;
				GCC_PREFIX_HEADER = "Kevin's App/Kevin's App-Prefix.pch";
				INFOPLIST_FILE = "Kevin's App/Kevin's App-Info.plist";
				PRODUCT_NAME = "$(TARGET_NAME)";
				WRAPPER_EXTENSION = app;
			};
			name = Debug;
		};
		923CA18018B62F0A00307BE1 /* Release */ = {
			isa = XCBuildConfiguration;
			buildSettings = {
				ASSETCATALOG_COMPILER_APPICON_NAME = AppIcon;
				ASSETCATALOG_COMPILER_LAUNCHIMAGE_NAME = LaunchImage;
				GCC_PRECOMPILE_PREFIX_HEADER = YES;
				GCC_PREFIX_HEADER = "Kevin's App/Kevin's App-Prefix.pch";
				INFOPLIST_FILE = "Kevin's App/Kevin's App-Info.plist";
				PRODUCT_NAME = "$(TARGET_NAME)";
				WRAPPER_EXTENSION = app;
			};
			name = Release;
		};
		923CA18218B62F0A00307BE1 /* Debug */ = {
			isa = XCBuildConfiguration;
			buildSettings = {
				ARCHS = "$(ARCHS_STANDARD_INCLUDING_64_BIT)";
				BUNDLE_LOADER = "$(BUILT_PRODUCTS_DIR)/Kevin's App.app/Kevin's App";
				FRAMEWORK_SEARCH_PATHS = (
					"$(SDKROOT)/Developer/Library/Frameworks",
					"$(inherited)",
					"$(DEVELOPER_FRAMEWORKS_DIR)",
				);
				GCC_PRECOMPILE_PREFIX_HEADER = YES;
				GCC_PREFIX_HEADER = "Kevin's App/Kevin's App-Prefix.pch";
				GCC_PREPROCESSOR_DEFINITIONS = (
					"DEBUG=1",
					"$(inherited)",
				);
				INFOPLIST_FILE = "Kevin's AppTests/Kevin's AppTests-Info.plist";
				PRODUCT_NAME = "$(TARGET_NAME)";
				TEST_HOST = "$(BUNDLE_LOADER)";
				WRAPPER_EXTENSION = xctest;
			};
			name = Debug;
		};
		923CA18318B62F0A00307BE1 /* Release */ = {
			isa = XCBuildConfiguration;
			buildSettings = {
				ARCHS = "$(ARCHS_STANDARD_INCLUDING_64_BIT)";
				BUNDLE_LOADER = "$(BUILT_PRODUCTS_DIR)/Kevin's App.app/Kevin's App";
				FRAMEWORK_SEARCH_PATHS = (
					"$(SDKROOT)/Developer/Library/Frameworks",
					"$(inherited)",
					"$(DEVELOPER_FRAMEWORKS_DIR)",
				);
				GCC_PRECOMPILE_PREFIX_HEADER = YES;
				GCC_PREFIX_HEADER = "Kevin's App/Kevin's App-Prefix.pch";
				INFOPLIST_FILE = "Kevin's AppTests/Kevin's AppTests-Info.plist";
				PRODUCT_NAME = "$(TARGET_NAME)";
				TEST_HOST = "$(BUNDLE_LOADER)";
				WRAPPER_EXTENSION = xctest;
			};
			name = Release;
		};
/* End XCBuildConfiguration section */

/* Begin XCConfigurationList section */
		923CA14718B62F0A00307BE1 /* Build configuration list for PBXProject "Kevin's App" */ = {
			isa = XCConfigurationList;
			buildConfigurations = (
				923CA17C18B62F0A00307BE1 /* Debug */,
				923CA17D18B62F0A00307BE1 /* Release */,
			);
			defaultConfigurationIsVisible = 0;
			defaultConfigurationName = Release;
		};
		923CA17E18B62F0A00307BE1 /* Build configuration list for PBXNativeTarget "Kevin's App" */ = {
			isa = XCConfigurationList;
			buildConfigurations = (
				923CA17F18B62F0A00307BE1 /* Debug */,
				923CA18018B62F0A00307BE1 /* Release */,
			);
			defaultConfigurationIsVisible = 0;
			defaultConfigurationName = Release;
		};
		923CA18118B62F0A00307BE1 /* Build configuration list for PBXNativeTarget "Kevin's AppTests" */ = {
			isa = XCConfigurationList;
			buildConfigurations = (
				923CA18218B62F0A00307BE1 /* Debug */,
				923CA18318B62F0A00307BE1 /* Release */,
			);
			defaultConfigurationIsVisible = 0;
			defaultConfigurationName = Release;
		};
/* End XCConfigurationList section */
	};
	rootObject = 923CA14418B62F0A00307BE1 /* Project object */;
}
