// !$*UTF8*$!
{
	archiveVersion = 1;
	classes = {
	};
	objectVersion = 46;
	objects = {

/* Begin PBXBuildFile section */
		925240CF18B2937400FCFB07 /* Foundation.framework in Frameworks */ = {isa = PBXBuildFile; fileRef = 925240CE18B2937400FCFB07 /* Foundation.framework */; };
		925240D118B2937400FCFB07 /* CoreGraphics.framework in Frameworks */ = {isa = PBXBuildFile; fileRef = 925240D018B2937400FCFB07 /* CoreGraphics.framework */; };
		925240D318B2937400FCFB07 /* UIKit.framework in Frameworks */ = {isa = PBXBuildFile; fileRef = 925240D218B2937400FCFB07 /* UIKit.framework */; };
		925240D918B2937400FCFB07 /* InfoPlist.strings in Resources */ = {isa = PBXBuildFile; fileRef = 925240D718B2937400FCFB07 /* InfoPlist.strings */; };
		925240DB18B2937400FCFB07 /* main.m in Sources */ = {isa = PBXBuildFile; fileRef = 925240DA18B2937400FCFB07 /* main.m */; };
		925240DF18B2937400FCFB07 /* XYZAppDelegate.m in Sources */ = {isa = PBXBuildFile; fileRef = 925240DE18B2937400FCFB07 /* XYZAppDelegate.m */; };
		925240E118B2937400FCFB07 /* Images.xcassets in Resources */ = {isa = PBXBuildFile; fileRef = 925240E018B2937400FCFB07 /* Images.xcassets */; };
		925240E818B2937400FCFB07 /* XCTest.framework in Frameworks */ = {isa = PBXBuildFile; fileRef = 925240E718B2937400FCFB07 /* XCTest.framework */; };
		925240E918B2937400FCFB07 /* Foundation.framework in Frameworks */ = {isa = PBXBuildFile; fileRef = 925240CE18B2937400FCFB07 /* Foundation.framework */; };
		925240EA18B2937400FCFB07 /* UIKit.framework in Frameworks */ = {isa = PBXBuildFile; fileRef = 925240D218B2937400FCFB07 /* UIKit.framework */; };
		925240F218B2937400FCFB07 /* InfoPlist.strings in Resources */ = {isa = PBXBuildFile; fileRef = 925240F018B2937400FCFB07 /* InfoPlist.strings */; };
		925240F418B2937400FCFB07 /* HellGlow_WorldTests.m in Sources */ = {isa = PBXBuildFile; fileRef = 925240F318B2937400FCFB07 /* HellGlow_WorldTests.m */; };
		9297F16618B29B83006D7ABA /* Main.storyboard in Resources */ = {isa = PBXBuildFile; fileRef = 9297F16518B29B83006D7ABA /* Main.storyboard */; };
/* End PBXBuildFile section */

/* Begin PBXContainerItemProxy section */
		925240EB18B2937400FCFB07 /* PBXContainerItemProxy */ = {
			isa = PBXContainerItemProxy;
			containerPortal = 925240C318B2937300FCFB07 /* Project object */;
			proxyType = 1;
			remoteGlobalIDString = 925240CA18B2937400FCFB07;
			remoteInfo = "HellGlow World";
		};
/* End PBXContainerItemProxy section */

/* Begin PBXFileReference section */
		925240CB18B2937400FCFB07 /* HellGlow World.app */ = {isa = PBXFileReference; explicitFileType = wrapper.application; includeInIndex = 0; path = "HellGlow World.app"; sourceTree = BUILT_PRODUCTS_DIR; };
		925240CE18B2937400FCFB07 /* Foundation.framework */ = {isa = PBXFileReference; lastKnownFileType = wrapper.framework; name = Foundation.framework; path = System/Library/Frameworks/Foundation.framework; sourceTree = SDKROOT; };
		925240D018B2937400FCFB07 /* CoreGraphics.framework */ = {isa = PBXFileReference; lastKnownFileType = wrapper.framework; name = CoreGraphics.framework; path = System/Library/Frameworks/CoreGraphics.framework; sourceTree = SDKROOT; };
		925240D218B2937400FCFB07 /* UIKit.framework */ = {isa = PBXFileReference; lastKnownFileType = wrapper.framework; name = UIKit.framework; path = System/Library/Frameworks/UIKit.framework; sourceTree = SDKROOT; };
		925240D618B2937400FCFB07 /* HellGlow World-Info.plist */ = {isa = PBXFileReference; lastKnownFileType = text.plist.xml; path = "HellGlow World-Info.plist"; sourceTree = "<group>"; };
		925240D818B2937400FCFB07 /* en */ = {isa = PBXFileReference; lastKnownFileType = text.plist.strings; name = en; path = en.lproj/InfoPlist.strings; sourceTree = "<group>"; };
		925240DA18B2937400FCFB07 /* main.m */ = {isa = PBXFileReference; lastKnownFileType = sourcecode.c.objc; path = main.m; sourceTree = "<group>"; };
		925240DC18B2937400FCFB07 /* HellGlow World-Prefix.pch */ = {isa = PBXFileReference; lastKnownFileType = sourcecode.c.h; path = "HellGlow World-Prefix.pch"; sourceTree = "<group>"; };
		925240DD18B2937400FCFB07 /* XYZAppDelegate.h */ = {isa = PBXFileReference; lastKnownFileType = sourcecode.c.h; path = XYZAppDelegate.h; sourceTree = "<group>"; };
		925240DE18B2937400FCFB07 /* XYZAppDelegate.m */ = {isa = PBXFileReference; lastKnownFileType = sourcecode.c.objc; path = XYZAppDelegate.m; sourceTree = "<group>"; };
		925240E018B2937400FCFB07 /* Images.xcassets */ = {isa = PBXFileReference; lastKnownFileType = folder.assetcatalog; path = Images.xcassets; sourceTree = "<group>"; };
		925240E618B2937400FCFB07 /* HellGlow WorldTests.xctest */ = {isa = PBXFileReference; explicitFileType = wrapper.cfbundle; includeInIndex = 0; path = "HellGlow WorldTests.xctest"; sourceTree = BUILT_PRODUCTS_DIR; };
		925240E718B2937400FCFB07 /* XCTest.framework */ = {isa = PBXFileReference; lastKnownFileType = wrapper.framework; name = XCTest.framework; path = Library/Frameworks/XCTest.framework; sourceTree = DEVELOPER_DIR; };
		925240EF18B2937400FCFB07 /* HellGlow WorldTests-Info.plist */ = {isa = PBXFileReference; lastKnownFileType = text.plist.xml; path = "HellGlow WorldTests-Info.plist"; sourceTree = "<group>"; };
		925240F118B2937400FCFB07 /* en */ = {isa = PBXFileReference; lastKnownFileType = text.plist.strings; name = en; path = en.lproj/InfoPlist.strings; sourceTree = "<group>"; };
		925240F318B2937400FCFB07 /* HellGlow_WorldTests.m */ = {isa = PBXFileReference; lastKnownFileType = sourcecode.c.objc; path = HellGlow_WorldTests.m; sourceTree = "<group>"; };
		9297F16518B29B83006D7ABA /* Main.storyboard */ = {isa = PBXFileReference; fileEncoding = 4; lastKnownFileType = file.storyboard; path = Main.storyboard; sourceTree = "<group>"; };
/* End PBXFileReference section */

/* Begin PBXFrameworksBuildPhase section */
		925240C818B2937400FCFB07 /* Frameworks */ = {
			isa = PBXFrameworksBuildPhase;
			buildActionMask = 2147483647;
			files = (
				925240D118B2937400FCFB07 /* CoreGraphics.framework in Frameworks */,
				925240D318B2937400FCFB07 /* UIKit.framework in Frameworks */,
				925240CF18B2937400FCFB07 /* Foundation.framework in Frameworks */,
			);
			runOnlyForDeploymentPostprocessing = 0;
		};
		925240E318B2937400FCFB07 /* Frameworks */ = {
			isa = PBXFrameworksBuildPhase;
			buildActionMask = 2147483647;
			files = (
				925240E818B2937400FCFB07 /* XCTest.framework in Frameworks */,
				925240EA18B2937400FCFB07 /* UIKit.framework in Frameworks */,
				925240E918B2937400FCFB07 /* Foundation.framework in Frameworks */,
			);
			runOnlyForDeploymentPostprocessing = 0;
		};
/* End PBXFrameworksBuildPhase section */

/* Begin PBXGroup section */
		925240C218B2937300FCFB07 = {
			isa = PBXGroup;
			children = (
				925240D418B2937400FCFB07 /* HellGlow World */,
				925240ED18B2937400FCFB07 /* HellGlow WorldTests */,
				925240CD18B2937400FCFB07 /* Frameworks */,
				925240CC18B2937400FCFB07 /* Products */,
			);
			sourceTree = "<group>";
		};
		925240CC18B2937400FCFB07 /* Products */ = {
			isa = PBXGroup;
			children = (
				925240CB18B2937400FCFB07 /* HellGlow World.app */,
				925240E618B2937400FCFB07 /* HellGlow WorldTests.xctest */,
			);
			name = Products;
			sourceTree = "<group>";
		};
		925240CD18B2937400FCFB07 /* Frameworks */ = {
			isa = PBXGroup;
			children = (
				925240CE18B2937400FCFB07 /* Foundation.framework */,
				925240D018B2937400FCFB07 /* CoreGraphics.framework */,
				925240D218B2937400FCFB07 /* UIKit.framework */,
				925240E718B2937400FCFB07 /* XCTest.framework */,
			);
			name = Frameworks;
			sourceTree = "<group>";
		};
		925240D418B2937400FCFB07 /* HellGlow World */ = {
			isa = PBXGroup;
			children = (
				925240DD18B2937400FCFB07 /* XYZAppDelegate.h */,
				925240DE18B2937400FCFB07 /* XYZAppDelegate.m */,
				9297F16518B29B83006D7ABA /* Main.storyboard */,
				925240E018B2937400FCFB07 /* Images.xcassets */,
				925240D518B2937400FCFB07 /* Supporting Files */,
			);
			path = "HellGlow World";
			sourceTree = "<group>";
		};
		925240D518B2937400FCFB07 /* Supporting Files */ = {
			isa = PBXGroup;
			children = (
				925240D618B2937400FCFB07 /* HellGlow World-Info.plist */,
				925240D718B2937400FCFB07 /* InfoPlist.strings */,
				925240DA18B2937400FCFB07 /* main.m */,
				925240DC18B2937400FCFB07 /* HellGlow World-Prefix.pch */,
			);
			name = "Supporting Files";
			sourceTree = "<group>";
		};
		925240ED18B2937400FCFB07 /* HellGlow WorldTests */ = {
			isa = PBXGroup;
			children = (
				925240F318B2937400FCFB07 /* HellGlow_WorldTests.m */,
				925240EE18B2937400FCFB07 /* Supporting Files */,
			);
			path = "HellGlow WorldTests";
			sourceTree = "<group>";
		};
		925240EE18B2937400FCFB07 /* Supporting Files */ = {
			isa = PBXGroup;
			children = (
				925240EF18B2937400FCFB07 /* HellGlow WorldTests-Info.plist */,
				925240F018B2937400FCFB07 /* InfoPlist.strings */,
			);
			name = "Supporting Files";
			sourceTree = "<group>";
		};
/* End PBXGroup section */

/* Begin PBXNativeTarget section */
		925240CA18B2937400FCFB07 /* HellGlow World */ = {
			isa = PBXNativeTarget;
			buildConfigurationList = 925240F718B2937400FCFB07 /* Build configuration list for PBXNativeTarget "HellGlow World" */;
			buildPhases = (
				925240C718B2937400FCFB07 /* Sources */,
				925240C818B2937400FCFB07 /* Frameworks */,
				925240C918B2937400FCFB07 /* Resources */,
			);
			buildRules = (
			);
			dependencies = (
			);
			name = "HellGlow World";
			productName = "HellGlow World";
			productReference = 925240CB18B2937400FCFB07 /* HellGlow World.app */;
			productType = "com.apple.product-type.application";
		};
		925240E518B2937400FCFB07 /* HellGlow WorldTests */ = {
			isa = PBXNativeTarget;
			buildConfigurationList = 925240FA18B2937400FCFB07 /* Build configuration list for PBXNativeTarget "HellGlow WorldTests" */;
			buildPhases = (
				925240E218B2937400FCFB07 /* Sources */,
				925240E318B2937400FCFB07 /* Frameworks */,
				925240E418B2937400FCFB07 /* Resources */,
			);
			buildRules = (
			);
			dependencies = (
				925240EC18B2937400FCFB07 /* PBXTargetDependency */,
			);
			name = "HellGlow WorldTests";
			productName = "HellGlow WorldTests";
			productReference = 925240E618B2937400FCFB07 /* HellGlow WorldTests.xctest */;
			productType = "com.apple.product-type.bundle.unit-test";
		};
/* End PBXNativeTarget section */

/* Begin PBXProject section */
		925240C318B2937300FCFB07 /* Project object */ = {
			isa = PBXProject;
			attributes = {
				CLASSPREFIX = XYZ;
				LastUpgradeCheck = 0500;
				ORGANIZATIONNAME = "Kevin Olsthoorn";
				TargetAttributes = {
					925240E518B2937400FCFB07 = {
						TestTargetID = 925240CA18B2937400FCFB07;
					};
				};
			};
			buildConfigurationList = 925240C618B2937300FCFB07 /* Build configuration list for PBXProject "HellGlow World" */;
			compatibilityVersion = "Xcode 3.2";
			developmentRegion = English;
			hasScannedForEncodings = 0;
			knownRegions = (
				en,
			);
			mainGroup = 925240C218B2937300FCFB07;
			productRefGroup = 925240CC18B2937400FCFB07 /* Products */;
			projectDirPath = "";
			projectRoot = "";
			targets = (
				925240CA18B2937400FCFB07 /* HellGlow World */,
				925240E518B2937400FCFB07 /* HellGlow WorldTests */,
			);
		};
/* End PBXProject section */

/* Begin PBXResourcesBuildPhase section */
		925240C918B2937400FCFB07 /* Resources */ = {
			isa = PBXResourcesBuildPhase;
			buildActionMask = 2147483647;
			files = (
				9297F16618B29B83006D7ABA /* Main.storyboard in Resources */,
				925240D918B2937400FCFB07 /* InfoPlist.strings in Resources */,
				925240E118B2937400FCFB07 /* Images.xcassets in Resources */,
			);
			runOnlyForDeploymentPostprocessing = 0;
		};
		925240E418B2937400FCFB07 /* Resources */ = {
			isa = PBXResourcesBuildPhase;
			buildActionMask = 2147483647;
			files = (
				925240F218B2937400FCFB07 /* InfoPlist.strings in Resources */,
			);
			runOnlyForDeploymentPostprocessing = 0;
		};
/* End PBXResourcesBuildPhase section */

/* Begin PBXSourcesBuildPhase section */
		925240C718B2937400FCFB07 /* Sources */ = {
			isa = PBXSourcesBuildPhase;
			buildActionMask = 2147483647;
			files = (
				925240DF18B2937400FCFB07 /* XYZAppDelegate.m in Sources */,
				925240DB18B2937400FCFB07 /* main.m in Sources */,
			);
			runOnlyForDeploymentPostprocessing = 0;
		};
		925240E218B2937400FCFB07 /* Sources */ = {
			isa = PBXSourcesBuildPhase;
			buildActionMask = 2147483647;
			files = (
				925240F418B2937400FCFB07 /* HellGlow_WorldTests.m in Sources */,
			);
			runOnlyForDeploymentPostprocessing = 0;
		};
/* End PBXSourcesBuildPhase section */

/* Begin PBXTargetDependency section */
		925240EC18B2937400FCFB07 /* PBXTargetDependency */ = {
			isa = PBXTargetDependency;
			target = 925240CA18B2937400FCFB07 /* HellGlow World */;
			targetProxy = 925240EB18B2937400FCFB07 /* PBXContainerItemProxy */;
		};
/* End PBXTargetDependency section */

/* Begin PBXVariantGroup section */
		925240D718B2937400FCFB07 /* InfoPlist.strings */ = {
			isa = PBXVariantGroup;
			children = (
				925240D818B2937400FCFB07 /* en */,
			);
			name = InfoPlist.strings;
			sourceTree = "<group>";
		};
		925240F018B2937400FCFB07 /* InfoPlist.strings */ = {
			isa = PBXVariantGroup;
			children = (
				925240F118B2937400FCFB07 /* en */,
			);
			name = InfoPlist.strings;
			sourceTree = "<group>";
		};
/* End PBXVariantGroup section */

/* Begin XCBuildConfiguration section */
		925240F518B2937400FCFB07 /* Debug */ = {
			isa = XCBuildConfiguration;
			buildSettings = {
				ALWAYS_SEARCH_USER_PATHS = NO;
				ARCHS = "$(ARCHS_STANDARD_INCLUDING_64_BIT)";
				CLANG_CXX_LANGUAGE_STANDARD = "gnu++0x";
				CLANG_CXX_LIBRARY = "libc++";
				CLANG_ENABLE_MODULES = YES;
				CLANG_ENABLE_OBJC_ARC = YES;
				CLANG_WARN_BOOL_CONVERSION = YES;
				CLANG_WARN_CONSTANT_CONVERSION = YES;
				CLANG_WARN_DIRECT_OBJC_ISA_USAGE = YES_ERROR;
				CLANG_WARN_EMPTY_BODY = YES;
				CLANG_WARN_ENUM_CONVERSION = YES;
				CLANG_WARN_INT_CONVERSION = YES;
				CLANG_WARN_OBJC_ROOT_CLASS = YES_ERROR;
				CLANG_WARN__DUPLICATE_METHOD_MATCH = YES;
				"CODE_SIGN_IDENTITY[sdk=iphoneos*]" = "iPhone Developer";
				COPY_PHASE_STRIP = NO;
				GCC_C_LANGUAGE_STANDARD = gnu99;
				GCC_DYNAMIC_NO_PIC = NO;
				GCC_OPTIMIZATION_LEVEL = 0;
				GCC_PREPROCESSOR_DEFINITIONS = (
					"DEBUG=1",
					"$(inherited)",
				);
				GCC_SYMBOLS_PRIVATE_EXTERN = NO;
				GCC_WARN_64_TO_32_BIT_CONVERSION = YES;
				GCC_WARN_ABOUT_RETURN_TYPE = YES_ERROR;
				GCC_WARN_UNDECLARED_SELECTOR = YES;
				GCC_WARN_UNINITIALIZED_AUTOS = YES;
				GCC_WARN_UNUSED_FUNCTION = YES;
				GCC_WARN_UNUSED_VARIABLE = YES;
				IPHONEOS_DEPLOYMENT_TARGET = 7.0;
				ONLY_ACTIVE_ARCH = YES;
				SDKROOT = iphoneos;
			};
			name = Debug;
		};
		925240F618B2937400FCFB07 /* Release */ = {
			isa = XCBuildConfiguration;
			buildSettings = {
				ALWAYS_SEARCH_USER_PATHS = NO;
				ARCHS = "$(ARCHS_STANDARD_INCLUDING_64_BIT)";
				CLANG_CXX_LANGUAGE_STANDARD = "gnu++0x";
				CLANG_CXX_LIBRARY = "libc++";
				CLANG_ENABLE_MODULES = YES;
				CLANG_ENABLE_OBJC_ARC = YES;
				CLANG_WARN_BOOL_CONVERSION = YES;
				CLANG_WARN_CONSTANT_CONVERSION = YES;
				CLANG_WARN_DIRECT_OBJC_ISA_USAGE = YES_ERROR;
				CLANG_WARN_EMPTY_BODY = YES;
				CLANG_WARN_ENUM_CONVERSION = YES;
				CLANG_WARN_INT_CONVERSION = YES;
				CLANG_WARN_OBJC_ROOT_CLASS = YES_ERROR;
				CLANG_WARN__DUPLICATE_METHOD_MATCH = YES;
				"CODE_SIGN_IDENTITY[sdk=iphoneos*]" = "iPhone Developer";
				COPY_PHASE_STRIP = YES;
				ENABLE_NS_ASSERTIONS = NO;
				GCC_C_LANGUAGE_STANDARD = gnu99;
				GCC_WARN_64_TO_32_BIT_CONVERSION = YES;
				GCC_WARN_ABOUT_RETURN_TYPE = YES_ERROR;
				GCC_WARN_UNDECLARED_SELECTOR = YES;
				GCC_WARN_UNINITIALIZED_AUTOS = YES;
				GCC_WARN_UNUSED_FUNCTION = YES;
				GCC_WARN_UNUSED_VARIABLE = YES;
				IPHONEOS_DEPLOYMENT_TARGET = 7.0;
				SDKROOT = iphoneos;
				VALIDATE_PRODUCT = YES;
			};
			name = Release;
		};
		925240F818B2937400FCFB07 /* Debug */ = {
			isa = XCBuildConfiguration;
			buildSettings = {
				ASSETCATALOG_COMPILER_APPICON_NAME = AppIcon;
				ASSETCATALOG_COMPILER_LAUNCHIMAGE_NAME = LaunchImage;
				GCC_PRECOMPILE_PREFIX_HEADER = YES;
				GCC_PREFIX_HEADER = "HellGlow World/HellGlow World-Prefix.pch";
				INFOPLIST_FILE = "HellGlow World/HellGlow World-Info.plist";
				PRODUCT_NAME = "$(TARGET_NAME)";
				WRAPPER_EXTENSION = app;
			};
			name = Debug;
		};
		925240F918B2937400FCFB07 /* Release */ = {
			isa = XCBuildConfiguration;
			buildSettings = {
				ASSETCATALOG_COMPILER_APPICON_NAME = AppIcon;
				ASSETCATALOG_COMPILER_LAUNCHIMAGE_NAME = LaunchImage;
				GCC_PRECOMPILE_PREFIX_HEADER = YES;
				GCC_PREFIX_HEADER = "HellGlow World/HellGlow World-Prefix.pch";
				INFOPLIST_FILE = "HellGlow World/HellGlow World-Info.plist";
				PRODUCT_NAME = "$(TARGET_NAME)";
				WRAPPER_EXTENSION = app;
			};
			name = Release;
		};
		925240FB18B2937400FCFB07 /* Debug */ = {
			isa = XCBuildConfiguration;
			buildSettings = {
				ARCHS = "$(ARCHS_STANDARD_INCLUDING_64_BIT)";
				BUNDLE_LOADER = "$(BUILT_PRODUCTS_DIR)/HellGlow World.app/HellGlow World";
				FRAMEWORK_SEARCH_PATHS = (
					"$(SDKROOT)/Developer/Library/Frameworks",
					"$(inherited)",
					"$(DEVELOPER_FRAMEWORKS_DIR)",
				);
				GCC_PRECOMPILE_PREFIX_HEADER = YES;
				GCC_PREFIX_HEADER = "HellGlow World/HellGlow World-Prefix.pch";
				GCC_PREPROCESSOR_DEFINITIONS = (
					"DEBUG=1",
					"$(inherited)",
				);
				INFOPLIST_FILE = "HellGlow WorldTests/HellGlow WorldTests-Info.plist";
				PRODUCT_NAME = "$(TARGET_NAME)";
				TEST_HOST = "$(BUNDLE_LOADER)";
				WRAPPER_EXTENSION = xctest;
			};
			name = Debug;
		};
		925240FC18B2937400FCFB07 /* Release */ = {
			isa = XCBuildConfiguration;
			buildSettings = {
				ARCHS = "$(ARCHS_STANDARD_INCLUDING_64_BIT)";
				BUNDLE_LOADER = "$(BUILT_PRODUCTS_DIR)/HellGlow World.app/HellGlow World";
				FRAMEWORK_SEARCH_PATHS = (
					"$(SDKROOT)/Developer/Library/Frameworks",
					"$(inherited)",
					"$(DEVELOPER_FRAMEWORKS_DIR)",
				);
				GCC_PRECOMPILE_PREFIX_HEADER = YES;
				GCC_PREFIX_HEADER = "HellGlow World/HellGlow World-Prefix.pch";
				INFOPLIST_FILE = "HellGlow WorldTests/HellGlow WorldTests-Info.plist";
				PRODUCT_NAME = "$(TARGET_NAME)";
				TEST_HOST = "$(BUNDLE_LOADER)";
				WRAPPER_EXTENSION = xctest;
			};
			name = Release;
		};
/* End XCBuildConfiguration section */

/* Begin XCConfigurationList section */
		925240C618B2937300FCFB07 /* Build configuration list for PBXProject "HellGlow World" */ = {
			isa = XCConfigurationList;
			buildConfigurations = (
				925240F518B2937400FCFB07 /* Debug */,
				925240F618B2937400FCFB07 /* Release */,
			);
			defaultConfigurationIsVisible = 0;
			defaultConfigurationName = Release;
		};
		925240F718B2937400FCFB07 /* Build configuration list for PBXNativeTarget "HellGlow World" */ = {
			isa = XCConfigurationList;
			buildConfigurations = (
				925240F818B2937400FCFB07 /* Debug */,
				925240F918B2937400FCFB07 /* Release */,
			);
			defaultConfigurationIsVisible = 0;
			defaultConfigurationName = Release;
		};
		925240FA18B2937400FCFB07 /* Build configuration list for PBXNativeTarget "HellGlow WorldTests" */ = {
			isa = XCConfigurationList;
			buildConfigurations = (
				925240FB18B2937400FCFB07 /* Debug */,
				925240FC18B2937400FCFB07 /* Release */,
			);
			defaultConfigurationIsVisible = 0;
			defaultConfigurationName = Release;
		};
/* End XCConfigurationList section */
	};
	rootObject = 925240C318B2937300FCFB07 /* Project object */;
}
